
Microsoft Visual Studio Solution File, Format Version 12.00
# Visual Studio Version 17
VisualStudioVersion = 17.3.32804.467
MinimumVisualStudioVersion = 10.0.40219.1
Project("{9A19103F-16F7-4668-BE54-9A1E7A4F7556}") = "Lib.Common", "Lib.Common\Lib.Common.csproj", "{44228878-CED8-42E0-8E1F-B73B2FC6DE67}"
EndProject
Project("{FAE04EC0-301F-11D3-BF4B-00C04F79EFBC}") = "Lib.OpenCV", "Lib.OpenCV\Lib.OpenCV.csproj", "{CC621394-A6B4-4F5D-891B-B85843D3A6EF}"
EndProject
Project("{FAE04EC0-301F-11D3-BF4B-00C04F79EFBC}") = "Lib.OpenCV.Blob", "Lib.OpenCV.Blob\Lib.OpenCV.Blob.csproj", "{44C58A9D-BA41-4370-A358-A6C6E902379D}"
EndProject
Project("{FAE04EC0-301F-11D3-BF4B-00C04F79EFBC}") = "Lib.ThreeD", "Lib.ThreeD\Lib.ThreeD.csproj", "{C96BDADA-12CB-4A26-8E44-D741606CEACC}"
EndProject
Project("{FAE04EC0-301F-11D3-BF4B-00C04F79EFBC}") = "Lib.Inspection", "Lib.Inspection\Lib.Inspection.csproj", "{D203ADC3-AB44-4858-9B21-A19A2EE884D1}"
EndProject
Project("{FAE04EC0-301F-11D3-BF4B-00C04F79EFBC}") = "Lib.Inspection.Smoke", "Lib.Inspection.Smoke\Lib.Inspection.Smoke.csproj", "{878B3866-A638-497D-8883-E736E68C5AFE}"
EndProject
Global
	GlobalSection(SolutionConfigurationPlatforms) = preSolution
		Debug|Any CPU = Debug|Any CPU
		Debug|x64 = Debug|x64
		Release|Any CPU = Release|Any CPU
		Release|x64 = Release|x64
	EndGlobalSection
	GlobalSection(ProjectConfigurationPlatforms) = postSolution
		{44228878-CED8-42E0-8E1F-B73B2FC6DE67}.Debug|Any CPU.ActiveCfg = Debug|Any CPU
		{44228878-CED8-42E0-8E1F-B73B2FC6DE67}.Debug|Any CPU.Build.0 = Debug|Any CPU
		{44228878-CED8-42E0-8E1F-B73B2FC6DE67}.Debug|x64.ActiveCfg = Debug|x64
		{44228878-CED8-42E0-8E1F-B73B2FC6DE67}.Debug|x64.Build.0 = Debug|x64
		{44228878-CED8-42E0-8E1F-B73B2FC6DE67}.Release|Any CPU.ActiveCfg = Release|Any CPU
		{44228878-CED8-42E0-8E1F-B73B2FC6DE67}.Release|Any CPU.Build.0 = Release|Any CPU
		{44228878-CED8-42E0-8E1F-B73B2FC6DE67}.Release|x64.ActiveCfg = Release|x64
		{44228878-CED8-42E0-8E1F-B73B2FC6DE67}.Release|x64.Build.0 = Release|x64
		{CC621394-A6B4-4F5D-891B-B85843D3A6EF}.Debug|Any CPU.ActiveCfg = Debug|Any CPU
		{CC621394-A6B4-4F5D-891B-B85843D3A6EF}.Debug|Any CPU.Build.0 = Debug|Any CPU
		{CC621394-A6B4-4F5D-891B-B85843D3A6EF}.Debug|x64.ActiveCfg = Debug|Any CPU
		{CC621394-A6B4-4F5D-891B-B85843D3A6EF}.Debug|x64.Build.0 = Debug|Any CPU
		{CC621394-A6B4-4F5D-891B-B85843D3A6EF}.Release|Any CPU.ActiveCfg = Release|Any CPU
		{CC621394-A6B4-4F5D-891B-B85843D3A6EF}.Release|Any CPU.Build.0 = Release|Any CPU
		{CC621394-A6B4-4F5D-891B-B85843D3A6EF}.Release|x64.ActiveCfg = Release|Any CPU
		{CC621394-A6B4-4F5D-891B-B85843D3A6EF}.Release|x64.Build.0 = Release|Any CPU
		{44C58A9D-BA41-4370-A358-A6C6E902379D}.Debug|Any CPU.ActiveCfg = Debug|Any CPU
		{44C58A9D-BA41-4370-A358-A6C6E902379D}.Debug|Any CPU.Build.0 = Debug|Any CPU
		{44C58A9D-BA41-4370-A358-A6C6E902379D}.Debug|x64.ActiveCfg = Debug|Any CPU
		{44C58A9D-BA41-4370-A358-A6C6E902379D}.Debug|x64.Build.0 = Debug|Any CPU
		{44C58A9D-BA41-4370-A358-A6C6E902379D}.Release|Any CPU.ActiveCfg = Release|Any CPU
		{44C58A9D-BA41-4370-A358-A6C6E902379D}.Release|Any CPU.Build.0 = Release|Any CPU
		{44C58A9D-BA41-4370-A358-A6C6E902379D}.Release|x64.ActiveCfg = Release|Any CPU
		{44C58A9D-BA41-4370-A358-A6C6E902379D}.Release|x64.Build.0 = Release|Any CPU
		{C96BDADA-12CB-4A26-8E44-D741606CEACC}.Debug|Any CPU.ActiveCfg = Debug|Any CPU
		{C96BDADA-12CB-4A26-8E44-D741606CEACC}.Debug|Any CPU.Build.0 = Debug|Any CPU
		{C96BDADA-12CB-4A26-8E44-D741606CEACC}.Debug|x64.ActiveCfg = Debug|Any CPU
		{C96BDADA-12CB-4A26-8E44-D741606CEACC}.Debug|x64.Build.0 = Debug|Any CPU
		{C96BDADA-12CB-4A26-8E44-D741606CEACC}.Release|Any CPU.ActiveCfg = Release|Any CPU
		{C96BDADA-12CB-4A26-8E44-D741606CEACC}.Release|Any CPU.Build.0 = Release|Any CPU
		{C96BDADA-12CB-4A26-8E44-D741606CEACC}.Release|x64.ActiveCfg = Release|Any CPU
		{C96BDADA-12CB-4A26-8E44-D741606CEACC}.Release|x64.Build.0 = Release|Any CPU
		{D203ADC3-AB44-4858-9B21-A19A2EE884D1}.Debug|Any CPU.ActiveCfg = Debug|Any CPU
		{D203ADC3-AB44-4858-9B21-A19A2EE884D1}.Debug|Any CPU.Build.0 = Debug|Any CPU
		{D203ADC3-AB44-4858-9B21-A19A2EE884D1}.Debug|x64.ActiveCfg = Debug|Any CPU
		{D203ADC3-AB44-4858-9B21-A19A2EE884D1}.Debug|x64.Build.0 = Debug|Any CPU
		{D203ADC3-AB44-4858-9B21-A19A2EE884D1}.Release|Any CPU.ActiveCfg = Release|Any CPU
		{D203ADC3-AB44-4858-9B21-A19A2EE884D1}.Release|Any CPU.Build.0 = Release|Any CPU
		{D203ADC3-AB44-4858-9B21-A19A2EE884D1}.Release|x64.ActiveCfg = Release|Any CPU
		{D203ADC3-AB44-4858-9B21-A19A2EE884D1}.Release|x64.Build.0 = Release|Any CPU
		{878B3866-A638-497D-8883-E736E68C5AFE}.Debug|Any CPU.ActiveCfg = Debug|Any CPU
		{878B3866-A638-497D-8883-E736E68C5AFE}.Debug|Any CPU.Build.0 = Debug|Any CPU
		{878B3866-A638-497D-8883-E736E68C5AFE}.Debug|x64.ActiveCfg = Debug|Any CPU
		{878B3866-A638-497D-8883-E736E68C5AFE}.Debug|x64.Build.0 = Debug|Any CPU
		{878B3866-A638-497D-8883-E736E68C5AFE}.Release|Any CPU.ActiveCfg = Release|Any CPU
		{878B3866-A638-497D-8883-E736E68C5AFE}.Release|Any CPU.Build.0 = Release|Any CPU
		{878B3866-A638-497D-8883-E736E68C5AFE}.Release|x64.ActiveCfg = Release|Any CPU
		{878B3866-A638-497D-8883-E736E68C5AFE}.Release|x64.Build.0 = Release|Any CPU
	EndGlobalSection
	GlobalSection(SolutionProperties) = preSolution
		HideSolutionNode = FALSE
	EndGlobalSection
	GlobalSection(ExtensibilityGlobals) = postSolution
		SolutionGuid = {8330B6F1-E5BA-4CF8-9E55-2A7365BDF730}
	EndGlobalSection
EndGlobal
